--- 
dependencies: 
  jslint_on_rails: 
    group: 
    - :development
    version: ">= 0"
  sitemap_generator: 
    group: 
    - :default
    version: ~> 0.3
  acts_as_list: 
    group: 
    - :default
    version: ~> 0.1
  compass: 
    group: 
    - :default
    version: ~> 0.10
  rails: 
    group: 
    - :default
    version: = 3.0.0.beta4
  simple_autocomplete: 
    group: 
    - :default
    version: ~> 0.3
  annotate: 
    group: 
    - :development
    version: ">= 0"
  mysql: 
    group: 
    - :default
    version: ~> 2.8
  haml: 
    group: 
    - :default
    version: ~> 3.0
  validates_url_format_of: 
    group: 
    - :default
    version: ~> 0.1
  rspec-rails: 
    group: 
    - :development
    - :test
    version: ">= 2.0.0.beta.17"
  htmlentities: 
    group: 
    - :default
    version: ~> 4.2
  thin: 
    group: 
    - :default
    version: ~> 1.2
  rails3-generators: 
    group: 
    - :development
    version: ">= 0"
  paperclip: 
    group: 
    - :default
    version: ~> 2.3
  devise: 
    group: 
    - :default
    version: ~> 1.1.rc2
  erubis: 
    group: 
    - :default
    version: ~> 2.6
  friendly_id: 
    group: 
    - :default
    version: ~> 3.0
  will_paginate: 
    group: 
    - :default
    version: ">= 3.0.pre"
  state_machine: 
    group: 
    - :default
    version: ~> 0.9
  raspell: 
    group: 
    - :default
    version: ~> 1.1
  redis-store: 
    group: 
    - :production
    version: ">= 1.0.0.beta2"
  rdiscount: 
    group: 
    - :default
    version: ~> 1.6
  yajl-ruby: 
    group: 
    - :default
    version: ~> 0.7
    require: 
    - yajl
  redis: 
    group: 
    - :default
    version: ~> 2.0
  french_rails: 
    group: 
    - :default
    version: ~> 0.2
  canable: 
    group: 
    - :default
    version: ~> 0.1
  nokogiri: 
    group: 
    - :default
    version: ~> 1.4
  factory_girl_rails: 
    group: 
    - :test
    version: ~> 1.0
specs: 
- rake: 
    version: 0.8.7
- abstract: 
    version: 1.0.0
- activesupport: 
    version: 3.0.0.beta4
- builder: 
    version: 2.1.2
- i18n: 
    version: 0.4.1
- activemodel: 
    version: 3.0.0.beta4
- erubis: 
    version: 2.6.6
- rack: 
    version: 1.1.0
- rack-mount: 
    version: 0.6.6
- rack-test: 
    version: 0.5.4
- tzinfo: 
    version: 0.3.22
- actionpack: 
    version: 3.0.0.beta4
- mime-types: 
    version: "1.16"
- polyglot: 
    version: 0.3.1
- treetop: 
    version: 1.4.8
- mail: 
    version: 2.2.5
- actionmailer: 
    version: 3.0.0.beta4
- arel: 
    version: 0.4.0
- activerecord: 
    version: 3.0.0.beta4
- activeresource: 
    version: 3.0.0.beta4
- acts_as_list: 
    version: 0.1.2
- annotate: 
    version: 2.4.0
- bcrypt-ruby: 
    version: 2.1.2
- bundler: 
    version: 0.9.26
- canable: 
    version: 0.1.1
- haml: 
    version: 3.0.13
- compass: 
    version: 0.10.2
- daemons: 
    version: 1.1.0
- warden: 
    version: 0.10.7
- devise: 
    version: 1.1.rc2
- diff-lcs: 
    version: 1.1.2
- eventmachine: 
    version: 0.12.10
- factory_girl: 
    version: 1.3.1
- thor: 
    version: 0.13.7
- railties: 
    version: 3.0.0.beta4
- rails: 
    version: 3.0.0.beta4
- factory_girl_rails: 
    version: "1.0"
- french_rails: 
    version: 0.2.2
- friendly_id: 
    version: 3.0.6
- htmlentities: 
    version: 4.2.1
- jslint_on_rails: 
    version: 1.0.3
- mysql: 
    version: 2.8.1
- nokogiri: 
    version: 1.4.2
- paperclip: 
    version: 2.3.3
- rails3-generators: 
    version: 0.10.1
- raspell: 
    version: "1.1"
- rdiscount: 
    version: 1.6.5
- redis: 
    version: 2.0.3
- redis-store: 
    version: 1.0.0.beta2
- rspec-core: 
    version: 2.0.0.beta.14
- rspec-expectations: 
    version: 2.0.0.beta.14
- rspec-mocks: 
    version: 2.0.0.beta.14
- rspec: 
    version: 2.0.0.beta.14
- webrat: 
    version: 0.7.1
- rspec-rails: 
    version: 2.0.0.beta.17
- simple_autocomplete: 
    version: 0.3.6
- sitemap_generator: 
    version: 0.3.3
- state_machine: 
    version: 0.9.3
- thin: 
    version: 1.2.7
- validates_url_format_of: 
    version: 0.1.0
- will_paginate: 
    version: 3.0.pre
- yajl-ruby: 
    version: 0.7.6
hash: f05a47c4423c6f5f81a16ab4fca2e7f8a8a1d0f0
sources: 
- Rubygems: 
    uri: http://gemcutter.org
